{
  "requires": true,
  "lockfileVersion": 1,
  "dependencies": {
    "jquery": {
      "version": "3.6.0",
      "resolved": "https://registry.npmjs.org/jquery/-/jquery-3.6.0.tgz",
      "integrity": "sha512-JVzAR/AjBvVt2BmYhxRCSYysDsPcssdmTFnzyLEts9qNwmjmu4JTAMYubEfwVOSwpQ1I1sKKFcxhZCI2buerfw=="
    },
    "responsive-bp": {
      "version": "4.1.4",
      "resolved": "https://registry.npmjs.org/responsive-bp/-/responsive-bp-4.1.4.tgz",
      "integrity": "sha1-UNGZWHTgvw3BIblk3r9HczgbXKE=",
      "requires": {
        "jquery": ">=2.1.4"
      }
    }
  }
}
